{
  "object": {
    "pins": [
      {
        "package": "Arrow",
        "repositoryURL": "https://github.com/freshOS/Arrow",
        "state": {
          "branch": null,
          "revision": "f5f9a3bb354e7bc69ca184c0cd95e67eb8254798",
          "version": "6.0.0"
        }
      },
      {
        "package": "Networking",
        "repositoryURL": "https://github.com/freshOS/Networking",
        "state": {
          "branch": null,
          "revision": "960867638bdb9d07870b674636326f5baf412ca1",
          "version": "0.3.2"
        }
      }
    ]
  },
  "version": 1
}
